// !$*UTF8*$!
{
	archiveVersion = 1;
	classes = {
	};
	objectVersion = 46;
	objects = {

/* Begin PBXBuildFile section */
		0547205417F8FEDC0085D8F2 /* Foundation.framework in Frameworks */ = {isa = PBXBuildFile; fileRef = 0547205317F8FEDC0085D8F2 /* Foundation.framework */; };
		0547205617F8FEDC0085D8F2 /* CoreGraphics.framework in Frameworks */ = {isa = PBXBuildFile; fileRef = 0547205517F8FEDC0085D8F2 /* CoreGraphics.framework */; };
		0547205817F8FEDC0085D8F2 /* UIKit.framework in Frameworks */ = {isa = PBXBuildFile; fileRef = 0547205717F8FEDC0085D8F2 /* UIKit.framework */; };
		0547205E17F8FEDC0085D8F2 /* InfoPlist.strings in Resources */ = {isa = PBXBuildFile; fileRef = 0547205C17F8FEDC0085D8F2 /* InfoPlist.strings */; };
		0547206017F8FEDC0085D8F2 /* main.m in Sources */ = {isa = PBXBuildFile; fileRef = 0547205F17F8FEDC0085D8F2 /* main.m */; };
		0547206417F8FEDC0085D8F2 /* PhotoSelectionAppDelegate.m in Sources */ = {isa = PBXBuildFile; fileRef = 0547206317F8FEDC0085D8F2 /* PhotoSelectionAppDelegate.m */; };
		0547206717F8FEDC0085D8F2 /* Main.storyboard in Resources */ = {isa = PBXBuildFile; fileRef = 0547206517F8FEDC0085D8F2 /* Main.storyboard */; };
		0547206C17F8FEDC0085D8F2 /* Images.xcassets in Resources */ = {isa = PBXBuildFile; fileRef = 0547206B17F8FEDC0085D8F2 /* Images.xcassets */; };
		0547207317F8FEDC0085D8F2 /* XCTest.framework in Frameworks */ = {isa = PBXBuildFile; fileRef = 0547207217F8FEDC0085D8F2 /* XCTest.framework */; };
		0547207417F8FEDC0085D8F2 /* Foundation.framework in Frameworks */ = {isa = PBXBuildFile; fileRef = 0547205317F8FEDC0085D8F2 /* Foundation.framework */; };
		0547207517F8FEDC0085D8F2 /* UIKit.framework in Frameworks */ = {isa = PBXBuildFile; fileRef = 0547205717F8FEDC0085D8F2 /* UIKit.framework */; };
		0547207D17F8FEDC0085D8F2 /* InfoPlist.strings in Resources */ = {isa = PBXBuildFile; fileRef = 0547207B17F8FEDC0085D8F2 /* InfoPlist.strings */; };
		0547207F17F8FEDC0085D8F2 /* SPoTTests.m in Sources */ = {isa = PBXBuildFile; fileRef = 0547207E17F8FEDC0085D8F2 /* SPoTTests.m */; };
		0547208A17F8FF400085D8F2 /* PhotoSelectionTableViewController.m in Sources */ = {isa = PBXBuildFile; fileRef = 0547208917F8FF400085D8F2 /* PhotoSelectionTableViewController.m */; };
		0547208D17F9019E0085D8F2 /* PhotoDisplayerViewController.m in Sources */ = {isa = PBXBuildFile; fileRef = 0547208C17F9019E0085D8F2 /* PhotoDisplayerViewController.m */; };
		0547208F17F9061D0085D8F2 /* 2013-09-28 07.56.48.jpg in Resources */ = {isa = PBXBuildFile; fileRef = 0547208E17F9061D0085D8F2 /* 2013-09-28 07.56.48.jpg */; };
/* End PBXBuildFile section */

/* Begin PBXContainerItemProxy section */
		0547207617F8FEDC0085D8F2 /* PBXContainerItemProxy */ = {
			isa = PBXContainerItemProxy;
			containerPortal = 0547204817F8FEDC0085D8F2 /* Project object */;
			proxyType = 1;
			remoteGlobalIDString = 0547204F17F8FEDC0085D8F2;
			remoteInfo = SPoT;
		};
/* End PBXContainerItemProxy section */

/* Begin PBXFileReference section */
		0547205017F8FEDC0085D8F2 /* SPoT.app */ = {isa = PBXFileReference; explicitFileType = wrapper.application; includeInIndex = 0; path = SPoT.app; sourceTree = BUILT_PRODUCTS_DIR; };
		0547205317F8FEDC0085D8F2 /* Foundation.framework */ = {isa = PBXFileReference; lastKnownFileType = wrapper.framework; name = Foundation.framework; path = System/Library/Frameworks/Foundation.framework; sourceTree = SDKROOT; };
		0547205517F8FEDC0085D8F2 /* CoreGraphics.framework */ = {isa = PBXFileReference; lastKnownFileType = wrapper.framework; name = CoreGraphics.framework; path = System/Library/Frameworks/CoreGraphics.framework; sourceTree = SDKROOT; };
		0547205717F8FEDC0085D8F2 /* UIKit.framework */ = {isa = PBXFileReference; lastKnownFileType = wrapper.framework; name = UIKit.framework; path = System/Library/Frameworks/UIKit.framework; sourceTree = SDKROOT; };
		0547205B17F8FEDC0085D8F2 /* SPoT-Info.plist */ = {isa = PBXFileReference; lastKnownFileType = text.plist.xml; path = "SPoT-Info.plist"; sourceTree = "<group>"; };
		0547205D17F8FEDC0085D8F2 /* en */ = {isa = PBXFileReference; lastKnownFileType = text.plist.strings; name = en; path = en.lproj/InfoPlist.strings; sourceTree = "<group>"; };
		0547205F17F8FEDC0085D8F2 /* main.m */ = {isa = PBXFileReference; lastKnownFileType = sourcecode.c.objc; path = main.m; sourceTree = "<group>"; };
		0547206117F8FEDC0085D8F2 /* SPoT-Prefix.pch */ = {isa = PBXFileReference; lastKnownFileType = sourcecode.c.h; path = "SPoT-Prefix.pch"; sourceTree = "<group>"; };
		0547206217F8FEDC0085D8F2 /* PhotoSelectionAppDelegate.h */ = {isa = PBXFileReference; lastKnownFileType = sourcecode.c.h; path = PhotoSelectionAppDelegate.h; sourceTree = "<group>"; };
		0547206317F8FEDC0085D8F2 /* PhotoSelectionAppDelegate.m */ = {isa = PBXFileReference; lastKnownFileType = sourcecode.c.objc; path = PhotoSelectionAppDelegate.m; sourceTree = "<group>"; };
		0547206617F8FEDC0085D8F2 /* Base */ = {isa = PBXFileReference; lastKnownFileType = file.storyboard; name = Base; path = Base.lproj/Main.storyboard; sourceTree = "<group>"; };
		0547206B17F8FEDC0085D8F2 /* Images.xcassets */ = {isa = PBXFileReference; lastKnownFileType = folder.assetcatalog; path = Images.xcassets; sourceTree = "<group>"; };
		0547207117F8FEDC0085D8F2 /* SPoTTests.xctest */ = {isa = PBXFileReference; explicitFileType = wrapper.cfbundle; includeInIndex = 0; path = SPoTTests.xctest; sourceTree = BUILT_PRODUCTS_DIR; };
		0547207217F8FEDC0085D8F2 /* XCTest.framework */ = {isa = PBXFileReference; lastKnownFileType = wrapper.framework; name = XCTest.framework; path = Library/Frameworks/XCTest.framework; sourceTree = DEVELOPER_DIR; };
		0547207A17F8FEDC0085D8F2 /* SPoTTests-Info.plist */ = {isa = PBXFileReference; lastKnownFileType = text.plist.xml; path = "SPoTTests-Info.plist"; sourceTree = "<group>"; };
		0547207C17F8FEDC0085D8F2 /* en */ = {isa = PBXFileReference; lastKnownFileType = text.plist.strings; name = en; path = en.lproj/InfoPlist.strings; sourceTree = "<group>"; };
		0547207E17F8FEDC0085D8F2 /* SPoTTests.m */ = {isa = PBXFileReference; lastKnownFileType = sourcecode.c.objc; path = SPoTTests.m; sourceTree = "<group>"; };
		0547208817F8FF400085D8F2 /* PhotoSelectionTableViewController.h */ = {isa = PBXFileReference; fileEncoding = 4; lastKnownFileType = sourcecode.c.h; path = PhotoSelectionTableViewController.h; sourceTree = "<group>"; };
		0547208917F8FF400085D8F2 /* PhotoSelectionTableViewController.m */ = {isa = PBXFileReference; fileEncoding = 4; lastKnownFileType = sourcecode.c.objc; path = PhotoSelectionTableViewController.m; sourceTree = "<group>"; };
		0547208B17F9019E0085D8F2 /* PhotoDisplayerViewController.h */ = {isa = PBXFileReference; fileEncoding = 4; lastKnownFileType = sourcecode.c.h; path = PhotoDisplayerViewController.h; sourceTree = "<group>"; };
		0547208C17F9019E0085D8F2 /* PhotoDisplayerViewController.m */ = {isa = PBXFileReference; fileEncoding = 4; lastKnownFileType = sourcecode.c.objc; path = PhotoDisplayerViewController.m; sourceTree = "<group>"; };
		0547208E17F9061D0085D8F2 /* 2013-09-28 07.56.48.jpg */ = {isa = PBXFileReference; lastKnownFileType = image.jpeg; path = "2013-09-28 07.56.48.jpg"; sourceTree = "<group>"; };
/* End PBXFileReference section */

/* Begin PBXFrameworksBuildPhase section */
		0547204D17F8FEDC0085D8F2 /* Frameworks */ = {
			isa = PBXFrameworksBuildPhase;
			buildActionMask = 2147483647;
			files = (
				0547205617F8FEDC0085D8F2 /* CoreGraphics.framework in Frameworks */,
				0547205817F8FEDC0085D8F2 /* UIKit.framework in Frameworks */,
				0547205417F8FEDC0085D8F2 /* Foundation.framework in Frameworks */,
			);
			runOnlyForDeploymentPostprocessing = 0;
		};
		0547206E17F8FEDC0085D8F2 /* Frameworks */ = {
			isa = PBXFrameworksBuildPhase;
			buildActionMask = 2147483647;
			files = (
				0547207317F8FEDC0085D8F2 /* XCTest.framework in Frameworks */,
				0547207517F8FEDC0085D8F2 /* UIKit.framework in Frameworks */,
				0547207417F8FEDC0085D8F2 /* Foundation.framework in Frameworks */,
			);
			runOnlyForDeploymentPostprocessing = 0;
		};
/* End PBXFrameworksBuildPhase section */

/* Begin PBXGroup section */
		0547204717F8FEDC0085D8F2 = {
			isa = PBXGroup;
			children = (
				0547205917F8FEDC0085D8F2 /* SPoT */,
				0547207817F8FEDC0085D8F2 /* SPoTTests */,
				0547205217F8FEDC0085D8F2 /* Frameworks */,
				0547205117F8FEDC0085D8F2 /* Products */,
			);
			sourceTree = "<group>";
		};
		0547205117F8FEDC0085D8F2 /* Products */ = {
			isa = PBXGroup;
			children = (
				0547205017F8FEDC0085D8F2 /* SPoT.app */,
				0547207117F8FEDC0085D8F2 /* SPoTTests.xctest */,
			);
			name = Products;
			sourceTree = "<group>";
		};
		0547205217F8FEDC0085D8F2 /* Frameworks */ = {
			isa = PBXGroup;
			children = (
				0547205317F8FEDC0085D8F2 /* Foundation.framework */,
				0547205517F8FEDC0085D8F2 /* CoreGraphics.framework */,
				0547205717F8FEDC0085D8F2 /* UIKit.framework */,
				0547207217F8FEDC0085D8F2 /* XCTest.framework */,
			);
			name = Frameworks;
			sourceTree = "<group>";
		};
		0547205917F8FEDC0085D8F2 /* SPoT */ = {
			isa = PBXGroup;
			children = (
				0547208817F8FF400085D8F2 /* PhotoSelectionTableViewController.h */,
				0547208917F8FF400085D8F2 /* PhotoSelectionTableViewController.m */,
				0547206217F8FEDC0085D8F2 /* PhotoSelectionAppDelegate.h */,
				0547206317F8FEDC0085D8F2 /* PhotoSelectionAppDelegate.m */,
				0547206517F8FEDC0085D8F2 /* Main.storyboard */,
				0547208B17F9019E0085D8F2 /* PhotoDisplayerViewController.h */,
				0547208C17F9019E0085D8F2 /* PhotoDisplayerViewController.m */,
				0547206B17F8FEDC0085D8F2 /* Images.xcassets */,
				0547205A17F8FEDC0085D8F2 /* Supporting Files */,
			);
			path = SPoT;
			sourceTree = "<group>";
		};
		0547205A17F8FEDC0085D8F2 /* Supporting Files */ = {
			isa = PBXGroup;
			children = (
				0547208E17F9061D0085D8F2 /* 2013-09-28 07.56.48.jpg */,
				0547205B17F8FEDC0085D8F2 /* SPoT-Info.plist */,
				0547205C17F8FEDC0085D8F2 /* InfoPlist.strings */,
				0547205F17F8FEDC0085D8F2 /* main.m */,
				0547206117F8FEDC0085D8F2 /* SPoT-Prefix.pch */,
			);
			name = "Supporting Files";
			sourceTree = "<group>";
		};
		0547207817F8FEDC0085D8F2 /* SPoTTests */ = {
			isa = PBXGroup;
			children = (
				0547207E17F8FEDC0085D8F2 /* SPoTTests.m */,
				0547207917F8FEDC0085D8F2 /* Supporting Files */,
			);
			path = SPoTTests;
			sourceTree = "<group>";
		};
		0547207917F8FEDC0085D8F2 /* Supporting Files */ = {
			isa = PBXGroup;
			children = (
				0547207A17F8FEDC0085D8F2 /* SPoTTests-Info.plist */,
				0547207B17F8FEDC0085D8F2 /* InfoPlist.strings */,
			);
			name = "Supporting Files";
			sourceTree = "<group>";
		};
/* End PBXGroup section */

/* Begin PBXNativeTarget section */
		0547204F17F8FEDC0085D8F2 /* SPoT */ = {
			isa = PBXNativeTarget;
			buildConfigurationList = 0547208217F8FEDC0085D8F2 /* Build configuration list for PBXNativeTarget "SPoT" */;
			buildPhases = (
				0547204C17F8FEDC0085D8F2 /* Sources */,
				0547204D17F8FEDC0085D8F2 /* Frameworks */,
				0547204E17F8FEDC0085D8F2 /* Resources */,
			);
			buildRules = (
			);
			dependencies = (
			);
			name = SPoT;
			productName = SPoT;
			productReference = 0547205017F8FEDC0085D8F2 /* SPoT.app */;
			productType = "com.apple.product-type.application";
		};
		0547207017F8FEDC0085D8F2 /* SPoTTests */ = {
			isa = PBXNativeTarget;
			buildConfigurationList = 0547208517F8FEDC0085D8F2 /* Build configuration list for PBXNativeTarget "SPoTTests" */;
			buildPhases = (
				0547206D17F8FEDC0085D8F2 /* Sources */,
				0547206E17F8FEDC0085D8F2 /* Frameworks */,
				0547206F17F8FEDC0085D8F2 /* Resources */,
			);
			buildRules = (
			);
			dependencies = (
				0547207717F8FEDC0085D8F2 /* PBXTargetDependency */,
			);
			name = SPoTTests;
			productName = SPoTTests;
			productReference = 0547207117F8FEDC0085D8F2 /* SPoTTests.xctest */;
			productType = "com.apple.product-type.bundle.unit-test";
		};
/* End PBXNativeTarget section */

/* Begin PBXProject section */
		0547204817F8FEDC0085D8F2 /* Project object */ = {
			isa = PBXProject;
			attributes = {
				CLASSPREFIX = PhotoSelection;
				LastUpgradeCheck = 0500;
				ORGANIZATIONNAME = "Jesse Miller";
				TargetAttributes = {
					0547207017F8FEDC0085D8F2 = {
						TestTargetID = 0547204F17F8FEDC0085D8F2;
					};
				};
			};
			buildConfigurationList = 0547204B17F8FEDC0085D8F2 /* Build configuration list for PBXProject "SPoT" */;
			compatibilityVersion = "Xcode 3.2";
			developmentRegion = English;
			hasScannedForEncodings = 0;
			knownRegions = (
				en,
				Base,
			);
			mainGroup = 0547204717F8FEDC0085D8F2;
			productRefGroup = 0547205117F8FEDC0085D8F2 /* Products */;
			projectDirPath = "";
			projectRoot = "";
			targets = (
				0547204F17F8FEDC0085D8F2 /* SPoT */,
				0547207017F8FEDC0085D8F2 /* SPoTTests */,
			);
		};
/* End PBXProject section */

/* Begin PBXResourcesBuildPhase section */
		0547204E17F8FEDC0085D8F2 /* Resources */ = {
			isa = PBXResourcesBuildPhase;
			buildActionMask = 2147483647;
			files = (
				0547206C17F8FEDC0085D8F2 /* Images.xcassets in Resources */,
				0547205E17F8FEDC0085D8F2 /* InfoPlist.strings in Resources */,
				0547206717F8FEDC0085D8F2 /* Main.storyboard in Resources */,
				0547208F17F9061D0085D8F2 /* 2013-09-28 07.56.48.jpg in Resources */,
			);
			runOnlyForDeploymentPostprocessing = 0;
		};
		0547206F17F8FEDC0085D8F2 /* Resources */ = {
			isa = PBXResourcesBuildPhase;
			buildActionMask = 2147483647;
			files = (
				0547207D17F8FEDC0085D8F2 /* InfoPlist.strings in Resources */,
			);
			runOnlyForDeploymentPostprocessing = 0;
		};
/* End PBXResourcesBuildPhase section */

/* Begin PBXSourcesBuildPhase section */
		0547204C17F8FEDC0085D8F2 /* Sources */ = {
			isa = PBXSourcesBuildPhase;
			buildActionMask = 2147483647;
			files = (
				0547206417F8FEDC0085D8F2 /* PhotoSelectionAppDelegate.m in Sources */,
				0547208A17F8FF400085D8F2 /* PhotoSelectionTableViewController.m in Sources */,
				0547206017F8FEDC0085D8F2 /* main.m in Sources */,
				0547208D17F9019E0085D8F2 /* PhotoDisplayerViewController.m in Sources */,
			);
			runOnlyForDeploymentPostprocessing = 0;
		};
		0547206D17F8FEDC0085D8F2 /* Sources */ = {
			isa = PBXSourcesBuildPhase;
			buildActionMask = 2147483647;
			files = (
				0547207F17F8FEDC0085D8F2 /* SPoTTests.m in Sources */,
			);
			runOnlyForDeploymentPostprocessing = 0;
		};
/* End PBXSourcesBuildPhase section */

/* Begin PBXTargetDependency section */
		0547207717F8FEDC0085D8F2 /* PBXTargetDependency */ = {
			isa = PBXTargetDependency;
			target = 0547204F17F8FEDC0085D8F2 /* SPoT */;
			targetProxy = 0547207617F8FEDC0085D8F2 /* PBXContainerItemProxy */;
		};
/* End PBXTargetDependency section */

/* Begin PBXVariantGroup section */
		0547205C17F8FEDC0085D8F2 /* InfoPlist.strings */ = {
			isa = PBXVariantGroup;
			children = (
				0547205D17F8FEDC0085D8F2 /* en */,
			);
			name = InfoPlist.strings;
			sourceTree = "<group>";
		};
		0547206517F8FEDC0085D8F2 /* Main.storyboard */ = {
			isa = PBXVariantGroup;
			children = (
				0547206617F8FEDC0085D8F2 /* Base */,
			);
			name = Main.storyboard;
			sourceTree = "<group>";
		};
		0547207B17F8FEDC0085D8F2 /* InfoPlist.strings */ = {
			isa = PBXVariantGroup;
			children = (
				0547207C17F8FEDC0085D8F2 /* en */,
			);
			name = InfoPlist.strings;
			sourceTree = "<group>";
		};
/* End PBXVariantGroup section */

/* Begin XCBuildConfiguration section */
		0547208017F8FEDC0085D8F2 /* Debug */ = {
			isa = XCBuildConfiguration;
			buildSettings = {
				ALWAYS_SEARCH_USER_PATHS = NO;
				ARCHS = "$(ARCHS_STANDARD_INCLUDING_64_BIT)";
				CLANG_CXX_LANGUAGE_STANDARD = "gnu++0x";
				CLANG_CXX_LIBRARY = "libc++";
				CLANG_ENABLE_MODULES = YES;
				CLANG_ENABLE_OBJC_ARC = YES;
				CLANG_WARN_BOOL_CONVERSION = YES;
				CLANG_WARN_CONSTANT_CONVERSION = YES;
				CLANG_WARN_DIRECT_OBJC_ISA_USAGE = YES_ERROR;
				CLANG_WARN_EMPTY_BODY = YES;
				CLANG_WARN_ENUM_CONVERSION = YES;
				CLANG_WARN_INT_CONVERSION = YES;
				CLANG_WARN_OBJC_ROOT_CLASS = YES_ERROR;
				CLANG_WARN__DUPLICATE_METHOD_MATCH = YES;
				"CODE_SIGN_IDENTITY[sdk=iphoneos*]" = "iPhone Developer";
				COPY_PHASE_STRIP = NO;
				GCC_C_LANGUAGE_STANDARD = gnu99;
				GCC_DYNAMIC_NO_PIC = NO;
				GCC_OPTIMIZATION_LEVEL = 0;
				GCC_PREPROCESSOR_DEFINITIONS = (
					"DEBUG=1",
					"$(inherited)",
				);
				GCC_SYMBOLS_PRIVATE_EXTERN = NO;
				GCC_WARN_64_TO_32_BIT_CONVERSION = YES;
				GCC_WARN_ABOUT_RETURN_TYPE = YES_ERROR;
				GCC_WARN_UNDECLARED_SELECTOR = YES;
				GCC_WARN_UNINITIALIZED_AUTOS = YES;
				GCC_WARN_UNUSED_FUNCTION = YES;
				GCC_WARN_UNUSED_VARIABLE = YES;
				IPHONEOS_DEPLOYMENT_TARGET = 7.0;
				ONLY_ACTIVE_ARCH = YES;
				SDKROOT = iphoneos;
			};
			name = Debug;
		};
		0547208117F8FEDC0085D8F2 /* Release */ = {
			isa = XCBuildConfiguration;
			buildSettings = {
				ALWAYS_SEARCH_USER_PATHS = NO;
				ARCHS = "$(ARCHS_STANDARD_INCLUDING_64_BIT)";
				CLANG_CXX_LANGUAGE_STANDARD = "gnu++0x";
				CLANG_CXX_LIBRARY = "libc++";
				CLANG_ENABLE_MODULES = YES;
				CLANG_ENABLE_OBJC_ARC = YES;
				CLANG_WARN_BOOL_CONVERSION = YES;
				CLANG_WARN_CONSTANT_CONVERSION = YES;
				CLANG_WARN_DIRECT_OBJC_ISA_USAGE = YES_ERROR;
				CLANG_WARN_EMPTY_BODY = YES;
				CLANG_WARN_ENUM_CONVERSION = YES;
				CLANG_WARN_INT_CONVERSION = YES;
				CLANG_WARN_OBJC_ROOT_CLASS = YES_ERROR;
				CLANG_WARN__DUPLICATE_METHOD_MATCH = YES;
				"CODE_SIGN_IDENTITY[sdk=iphoneos*]" = "iPhone Developer";
				COPY_PHASE_STRIP = YES;
				ENABLE_NS_ASSERTIONS = NO;
				GCC_C_LANGUAGE_STANDARD = gnu99;
				GCC_WARN_64_TO_32_BIT_CONVERSION = YES;
				GCC_WARN_ABOUT_RETURN_TYPE = YES_ERROR;
				GCC_WARN_UNDECLARED_SELECTOR = YES;
				GCC_WARN_UNINITIALIZED_AUTOS = YES;
				GCC_WARN_UNUSED_FUNCTION = YES;
				GCC_WARN_UNUSED_VARIABLE = YES;
				IPHONEOS_DEPLOYMENT_TARGET = 7.0;
				SDKROOT = iphoneos;
				VALIDATE_PRODUCT = YES;
			};
			name = Release;
		};
		0547208317F8FEDC0085D8F2 /* Debug */ = {
			isa = XCBuildConfiguration;
			buildSettings = {
				ASSETCATALOG_COMPILER_APPICON_NAME = AppIcon;
				ASSETCATALOG_COMPILER_LAUNCHIMAGE_NAME = LaunchImage;
				GCC_PRECOMPILE_PREFIX_HEADER = YES;
				GCC_PREFIX_HEADER = "SPoT/SPoT-Prefix.pch";
				INFOPLIST_FILE = "SPoT/SPoT-Info.plist";
				PRODUCT_NAME = "$(TARGET_NAME)";
				WRAPPER_EXTENSION = app;
			};
			name = Debug;
		};
		0547208417F8FEDC0085D8F2 /* Release */ = {
			isa = XCBuildConfiguration;
			buildSettings = {
				ASSETCATALOG_COMPILER_APPICON_NAME = AppIcon;
				ASSETCATALOG_COMPILER_LAUNCHIMAGE_NAME = LaunchImage;
				GCC_PRECOMPILE_PREFIX_HEADER = YES;
				GCC_PREFIX_HEADER = "SPoT/SPoT-Prefix.pch";
				INFOPLIST_FILE = "SPoT/SPoT-Info.plist";
				PRODUCT_NAME = "$(TARGET_NAME)";
				WRAPPER_EXTENSION = app;
			};
			name = Release;
		};
		0547208617F8FEDC0085D8F2 /* Debug */ = {
			isa = XCBuildConfiguration;
			buildSettings = {
				ARCHS = "$(ARCHS_STANDARD_INCLUDING_64_BIT)";
				BUNDLE_LOADER = "$(BUILT_PRODUCTS_DIR)/SPoT.app/SPoT";
				FRAMEWORK_SEARCH_PATHS = (
					"$(SDKROOT)/Developer/Library/Frameworks",
					"$(inherited)",
					"$(DEVELOPER_FRAMEWORKS_DIR)",
				);
				GCC_PRECOMPILE_PREFIX_HEADER = YES;
				GCC_PREFIX_HEADER = "SPoT/SPoT-Prefix.pch";
				GCC_PREPROCESSOR_DEFINITIONS = (
					"DEBUG=1",
					"$(inherited)",
				);
				INFOPLIST_FILE = "SPoTTests/SPoTTests-Info.plist";
				PRODUCT_NAME = "$(TARGET_NAME)";
				TEST_HOST = "$(BUNDLE_LOADER)";
				WRAPPER_EXTENSION = xctest;
			};
			name = Debug;
		};
		0547208717F8FEDC0085D8F2 /* Release */ = {
			isa = XCBuildConfiguration;
			buildSettings = {
				ARCHS = "$(ARCHS_STANDARD_INCLUDING_64_BIT)";
				BUNDLE_LOADER = "$(BUILT_PRODUCTS_DIR)/SPoT.app/SPoT";
				FRAMEWORK_SEARCH_PATHS = (
					"$(SDKROOT)/Developer/Library/Frameworks",
					"$(inherited)",
					"$(DEVELOPER_FRAMEWORKS_DIR)",
				);
				GCC_PRECOMPILE_PREFIX_HEADER = YES;
				GCC_PREFIX_HEADER = "SPoT/SPoT-Prefix.pch";
				INFOPLIST_FILE = "SPoTTests/SPoTTests-Info.plist";
				PRODUCT_NAME = "$(TARGET_NAME)";
				TEST_HOST = "$(BUNDLE_LOADER)";
				WRAPPER_EXTENSION = xctest;
			};
			name = Release;
		};
/* End XCBuildConfiguration section */

/* Begin XCConfigurationList section */
		0547204B17F8FEDC0085D8F2 /* Build configuration list for PBXProject "SPoT" */ = {
			isa = XCConfigurationList;
			buildConfigurations = (
				0547208017F8FEDC0085D8F2 /* Debug */,
				0547208117F8FEDC0085D8F2 /* Release */,
			);
			defaultConfigurationIsVisible = 0;
			defaultConfigurationName = Release;
		};
		0547208217F8FEDC0085D8F2 /* Build configuration list for PBXNativeTarget "SPoT" */ = {
			isa = XCConfigurationList;
			buildConfigurations = (
				0547208317F8FEDC0085D8F2 /* Debug */,
				0547208417F8FEDC0085D8F2 /* Release */,
			);
			defaultConfigurationIsVisible = 0;
		};
		0547208517F8FEDC0085D8F2 /* Build configuration list for PBXNativeTarget "SPoTTests" */ = {
			isa = XCConfigurationList;
			buildConfigurations = (
				0547208617F8FEDC0085D8F2 /* Debug */,
				0547208717F8FEDC0085D8F2 /* Release */,
			);
			defaultConfigurationIsVisible = 0;
		};
/* End XCConfigurationList section */
	};
	rootObject = 0547204817F8FEDC0085D8F2 /* Project object */;
}
